
Microsoft Visual Studio Solution File, Format Version 12.00
# Visual Studio Version 17
VisualStudioVersion = 17.2.32630.192
MinimumVisualStudioVersion = 10.0.40219.1
Project("{9A19103F-16F7-4668-BE54-9A1E7A4F7556}") = "UniversityProject", "UniversityProject\UniversityProject.csproj", "{4C26624C-24AB-4B44-A878-9655CEFD9679}"
EndProject
Project("{FAE04EC0-301F-11D3-BF4B-00C04F79EFBC}") = "Tests", "Tests\Tests.csproj", "{31C025D3-8ABE-4E60-A1FC-7002875FAE5A}"
EndProject
Global
	GlobalSection(SolutionConfigurationPlatforms) = preSolution
		Debug|Any CPU = Debug|Any CPU
		Release|Any CPU = Release|Any CPU
	EndGlobalSection
	GlobalSection(ProjectConfigurationPlatforms) = postSolution
		{4C26624C-24AB-4B44-A878-9655CEFD9679}.Debug|Any CPU.ActiveCfg = Debug|Any CPU
		{4C26624C-24AB-4B44-A878-9655CEFD9679}.Debug|Any CPU.Build.0 = Debug|Any CPU
		{4C26624C-24AB-4B44-A878-9655CEFD9679}.Release|Any CPU.ActiveCfg = Release|Any CPU
		{4C26624C-24AB-4B44-A878-9655CEFD9679}.Release|Any CPU.Build.0 = Release|Any CPU
		{31C025D3-8ABE-4E60-A1FC-7002875FAE5A}.Debug|Any CPU.ActiveCfg = Debug|Any CPU
		{31C025D3-8ABE-4E60-A1FC-7002875FAE5A}.Debug|Any CPU.Build.0 = Debug|Any CPU
		{31C025D3-8ABE-4E60-A1FC-7002875FAE5A}.Release|Any CPU.ActiveCfg = Release|Any CPU
		{31C025D3-8ABE-4E60-A1FC-7002875FAE5A}.Release|Any CPU.Build.0 = Release|Any CPU
	EndGlobalSection
	GlobalSection(SolutionProperties) = preSolution
		HideSolutionNode = FALSE
	EndGlobalSection
	GlobalSection(ExtensibilityGlobals) = postSolution
		SolutionGuid = {D10A87D6-F86C-41B5-8AAB-BDE60F998BAC}
	EndGlobalSection
EndGlobal
