
Microsoft Visual Studio Solution File, Format Version 12.00
# Visual Studio Version 17
VisualStudioVersion = 17.2.32630.192
MinimumVisualStudioVersion = 10.0.40219.1
Project("{9A19103F-16F7-4668-BE54-9A1E7A4F7556}") = "User Interface", "User Interface\User Interface.csproj", "{3CD35004-57D5-4EE3-9CAF-F415C2B94B74}"
EndProject
Project("{9A19103F-16F7-4668-BE54-9A1E7A4F7556}") = "Business", "Business\Business.csproj", "{78CDE053-A029-4373-B840-F71913C3662D}"
EndProject
Project("{9A19103F-16F7-4668-BE54-9A1E7A4F7556}") = "DataAccess", "DataAccess\DataAccess.csproj", "{144186E9-3932-428C-BFFC-1D9962E47973}"
EndProject
Project("{9A19103F-16F7-4668-BE54-9A1E7A4F7556}") = "Classes", "Classes\Classes.csproj", "{1A821F67-FE54-44F1-A8AE-ABAA8D72C89B}"
EndProject
Project("{FAE04EC0-301F-11D3-BF4B-00C04F79EFBC}") = "Tests", "Tests\Tests.csproj", "{7E4C1E70-6DEE-4B7F-A893-DF571C1789D2}"
EndProject
Global
	GlobalSection(SolutionConfigurationPlatforms) = preSolution
		Debug|Any CPU = Debug|Any CPU
		Debug|ARM = Debug|ARM
		Debug|ARM64 = Debug|ARM64
		Debug|x64 = Debug|x64
		Debug|x86 = Debug|x86
		Release|Any CPU = Release|Any CPU
		Release|ARM = Release|ARM
		Release|ARM64 = Release|ARM64
		Release|x64 = Release|x64
		Release|x86 = Release|x86
	EndGlobalSection
	GlobalSection(ProjectConfigurationPlatforms) = postSolution
		{3CD35004-57D5-4EE3-9CAF-F415C2B94B74}.Debug|Any CPU.ActiveCfg = Debug|Any CPU
		{3CD35004-57D5-4EE3-9CAF-F415C2B94B74}.Debug|Any CPU.Build.0 = Debug|Any CPU
		{3CD35004-57D5-4EE3-9CAF-F415C2B94B74}.Debug|ARM.ActiveCfg = Debug|Any CPU
		{3CD35004-57D5-4EE3-9CAF-F415C2B94B74}.Debug|ARM.Build.0 = Debug|Any CPU
		{3CD35004-57D5-4EE3-9CAF-F415C2B94B74}.Debug|ARM64.ActiveCfg = Debug|Any CPU
		{3CD35004-57D5-4EE3-9CAF-F415C2B94B74}.Debug|ARM64.Build.0 = Debug|Any CPU
		{3CD35004-57D5-4EE3-9CAF-F415C2B94B74}.Debug|x64.ActiveCfg = Debug|Any CPU
		{3CD35004-57D5-4EE3-9CAF-F415C2B94B74}.Debug|x64.Build.0 = Debug|Any CPU
		{3CD35004-57D5-4EE3-9CAF-F415C2B94B74}.Debug|x86.ActiveCfg = Debug|Any CPU
		{3CD35004-57D5-4EE3-9CAF-F415C2B94B74}.Debug|x86.Build.0 = Debug|Any CPU
		{3CD35004-57D5-4EE3-9CAF-F415C2B94B74}.Release|Any CPU.ActiveCfg = Release|Any CPU
		{3CD35004-57D5-4EE3-9CAF-F415C2B94B74}.Release|Any CPU.Build.0 = Release|Any CPU
		{3CD35004-57D5-4EE3-9CAF-F415C2B94B74}.Release|ARM.ActiveCfg = Release|Any CPU
		{3CD35004-57D5-4EE3-9CAF-F415C2B94B74}.Release|ARM.Build.0 = Release|Any CPU
		{3CD35004-57D5-4EE3-9CAF-F415C2B94B74}.Release|ARM64.ActiveCfg = Release|Any CPU
		{3CD35004-57D5-4EE3-9CAF-F415C2B94B74}.Release|ARM64.Build.0 = Release|Any CPU
		{3CD35004-57D5-4EE3-9CAF-F415C2B94B74}.Release|x64.ActiveCfg = Release|Any CPU
		{3CD35004-57D5-4EE3-9CAF-F415C2B94B74}.Release|x64.Build.0 = Release|Any CPU
		{3CD35004-57D5-4EE3-9CAF-F415C2B94B74}.Release|x86.ActiveCfg = Release|Any CPU
		{3CD35004-57D5-4EE3-9CAF-F415C2B94B74}.Release|x86.Build.0 = Release|Any CPU
		{78CDE053-A029-4373-B840-F71913C3662D}.Debug|Any CPU.ActiveCfg = Debug|Any CPU
		{78CDE053-A029-4373-B840-F71913C3662D}.Debug|Any CPU.Build.0 = Debug|Any CPU
		{78CDE053-A029-4373-B840-F71913C3662D}.Debug|ARM.ActiveCfg = Debug|Any CPU
		{78CDE053-A029-4373-B840-F71913C3662D}.Debug|ARM.Build.0 = Debug|Any CPU
		{78CDE053-A029-4373-B840-F71913C3662D}.Debug|ARM64.ActiveCfg = Debug|Any CPU
		{78CDE053-A029-4373-B840-F71913C3662D}.Debug|ARM64.Build.0 = Debug|Any CPU
		{78CDE053-A029-4373-B840-F71913C3662D}.Debug|x64.ActiveCfg = Debug|Any CPU
		{78CDE053-A029-4373-B840-F71913C3662D}.Debug|x64.Build.0 = Debug|Any CPU
		{78CDE053-A029-4373-B840-F71913C3662D}.Debug|x86.ActiveCfg = Debug|Any CPU
		{78CDE053-A029-4373-B840-F71913C3662D}.Debug|x86.Build.0 = Debug|Any CPU
		{78CDE053-A029-4373-B840-F71913C3662D}.Release|Any CPU.ActiveCfg = Release|Any CPU
		{78CDE053-A029-4373-B840-F71913C3662D}.Release|Any CPU.Build.0 = Release|Any CPU
		{78CDE053-A029-4373-B840-F71913C3662D}.Release|ARM.ActiveCfg = Release|Any CPU
		{78CDE053-A029-4373-B840-F71913C3662D}.Release|ARM.Build.0 = Release|Any CPU
		{78CDE053-A029-4373-B840-F71913C3662D}.Release|ARM64.ActiveCfg = Release|Any CPU
		{78CDE053-A029-4373-B840-F71913C3662D}.Release|ARM64.Build.0 = Release|Any CPU
		{78CDE053-A029-4373-B840-F71913C3662D}.Release|x64.ActiveCfg = Release|Any CPU
		{78CDE053-A029-4373-B840-F71913C3662D}.Release|x64.Build.0 = Release|Any CPU
		{78CDE053-A029-4373-B840-F71913C3662D}.Release|x86.ActiveCfg = Release|Any CPU
		{78CDE053-A029-4373-B840-F71913C3662D}.Release|x86.Build.0 = Release|Any CPU
		{144186E9-3932-428C-BFFC-1D9962E47973}.Debug|Any CPU.ActiveCfg = Debug|Any CPU
		{144186E9-3932-428C-BFFC-1D9962E47973}.Debug|Any CPU.Build.0 = Debug|Any CPU
		{144186E9-3932-428C-BFFC-1D9962E47973}.Debug|ARM.ActiveCfg = Debug|Any CPU
		{144186E9-3932-428C-BFFC-1D9962E47973}.Debug|ARM.Build.0 = Debug|Any CPU
		{144186E9-3932-428C-BFFC-1D9962E47973}.Debug|ARM64.ActiveCfg = Debug|Any CPU
		{144186E9-3932-428C-BFFC-1D9962E47973}.Debug|ARM64.Build.0 = Debug|Any CPU
		{144186E9-3932-428C-BFFC-1D9962E47973}.Debug|x64.ActiveCfg = Debug|Any CPU
		{144186E9-3932-428C-BFFC-1D9962E47973}.Debug|x64.Build.0 = Debug|Any CPU
		{144186E9-3932-428C-BFFC-1D9962E47973}.Debug|x86.ActiveCfg = Debug|Any CPU
		{144186E9-3932-428C-BFFC-1D9962E47973}.Debug|x86.Build.0 = Debug|Any CPU
		{144186E9-3932-428C-BFFC-1D9962E47973}.Release|Any CPU.ActiveCfg = Release|Any CPU
		{144186E9-3932-428C-BFFC-1D9962E47973}.Release|Any CPU.Build.0 = Release|Any CPU
		{144186E9-3932-428C-BFFC-1D9962E47973}.Release|ARM.ActiveCfg = Release|Any CPU
		{144186E9-3932-428C-BFFC-1D9962E47973}.Release|ARM.Build.0 = Release|Any CPU
		{144186E9-3932-428C-BFFC-1D9962E47973}.Release|ARM64.ActiveCfg = Release|Any CPU
		{144186E9-3932-428C-BFFC-1D9962E47973}.Release|ARM64.Build.0 = Release|Any CPU
		{144186E9-3932-428C-BFFC-1D9962E47973}.Release|x64.ActiveCfg = Release|Any CPU
		{144186E9-3932-428C-BFFC-1D9962E47973}.Release|x64.Build.0 = Release|Any CPU
		{144186E9-3932-428C-BFFC-1D9962E47973}.Release|x86.ActiveCfg = Release|Any CPU
		{144186E9-3932-428C-BFFC-1D9962E47973}.Release|x86.Build.0 = Release|Any CPU
		{1A821F67-FE54-44F1-A8AE-ABAA8D72C89B}.Debug|Any CPU.ActiveCfg = Debug|Any CPU
		{1A821F67-FE54-44F1-A8AE-ABAA8D72C89B}.Debug|Any CPU.Build.0 = Debug|Any CPU
		{1A821F67-FE54-44F1-A8AE-ABAA8D72C89B}.Debug|ARM.ActiveCfg = Debug|Any CPU
		{1A821F67-FE54-44F1-A8AE-ABAA8D72C89B}.Debug|ARM.Build.0 = Debug|Any CPU
		{1A821F67-FE54-44F1-A8AE-ABAA8D72C89B}.Debug|ARM64.ActiveCfg = Debug|Any CPU
		{1A821F67-FE54-44F1-A8AE-ABAA8D72C89B}.Debug|ARM64.Build.0 = Debug|Any CPU
		{1A821F67-FE54-44F1-A8AE-ABAA8D72C89B}.Debug|x64.ActiveCfg = Debug|Any CPU
		{1A821F67-FE54-44F1-A8AE-ABAA8D72C89B}.Debug|x64.Build.0 = Debug|Any CPU
		{1A821F67-FE54-44F1-A8AE-ABAA8D72C89B}.Debug|x86.ActiveCfg = Debug|Any CPU
		{1A821F67-FE54-44F1-A8AE-ABAA8D72C89B}.Debug|x86.Build.0 = Debug|Any CPU
		{1A821F67-FE54-44F1-A8AE-ABAA8D72C89B}.Release|Any CPU.ActiveCfg = Release|Any CPU
		{1A821F67-FE54-44F1-A8AE-ABAA8D72C89B}.Release|Any CPU.Build.0 = Release|Any CPU
		{1A821F67-FE54-44F1-A8AE-ABAA8D72C89B}.Release|ARM.ActiveCfg = Release|Any CPU
		{1A821F67-FE54-44F1-A8AE-ABAA8D72C89B}.Release|ARM.Build.0 = Release|Any CPU
		{1A821F67-FE54-44F1-A8AE-ABAA8D72C89B}.Release|ARM64.ActiveCfg = Release|Any CPU
		{1A821F67-FE54-44F1-A8AE-ABAA8D72C89B}.Release|ARM64.Build.0 = Release|Any CPU
		{1A821F67-FE54-44F1-A8AE-ABAA8D72C89B}.Release|x64.ActiveCfg = Release|Any CPU
		{1A821F67-FE54-44F1-A8AE-ABAA8D72C89B}.Release|x64.Build.0 = Release|Any CPU
		{1A821F67-FE54-44F1-A8AE-ABAA8D72C89B}.Release|x86.ActiveCfg = Release|Any CPU
		{1A821F67-FE54-44F1-A8AE-ABAA8D72C89B}.Release|x86.Build.0 = Release|Any CPU
		{7E4C1E70-6DEE-4B7F-A893-DF571C1789D2}.Debug|Any CPU.ActiveCfg = Debug|Any CPU
		{7E4C1E70-6DEE-4B7F-A893-DF571C1789D2}.Debug|Any CPU.Build.0 = Debug|Any CPU
		{7E4C1E70-6DEE-4B7F-A893-DF571C1789D2}.Debug|ARM.ActiveCfg = Debug|Any CPU
		{7E4C1E70-6DEE-4B7F-A893-DF571C1789D2}.Debug|ARM.Build.0 = Debug|Any CPU
		{7E4C1E70-6DEE-4B7F-A893-DF571C1789D2}.Debug|ARM64.ActiveCfg = Debug|Any CPU
		{7E4C1E70-6DEE-4B7F-A893-DF571C1789D2}.Debug|ARM64.Build.0 = Debug|Any CPU
		{7E4C1E70-6DEE-4B7F-A893-DF571C1789D2}.Debug|x64.ActiveCfg = Debug|Any CPU
		{7E4C1E70-6DEE-4B7F-A893-DF571C1789D2}.Debug|x64.Build.0 = Debug|Any CPU
		{7E4C1E70-6DEE-4B7F-A893-DF571C1789D2}.Debug|x86.ActiveCfg = Debug|Any CPU
		{7E4C1E70-6DEE-4B7F-A893-DF571C1789D2}.Debug|x86.Build.0 = Debug|Any CPU
		{7E4C1E70-6DEE-4B7F-A893-DF571C1789D2}.Release|Any CPU.ActiveCfg = Release|Any CPU
		{7E4C1E70-6DEE-4B7F-A893-DF571C1789D2}.Release|Any CPU.Build.0 = Release|Any CPU
		{7E4C1E70-6DEE-4B7F-A893-DF571C1789D2}.Release|ARM.ActiveCfg = Release|Any CPU
		{7E4C1E70-6DEE-4B7F-A893-DF571C1789D2}.Release|ARM.Build.0 = Release|Any CPU
		{7E4C1E70-6DEE-4B7F-A893-DF571C1789D2}.Release|ARM64.ActiveCfg = Release|Any CPU
		{7E4C1E70-6DEE-4B7F-A893-DF571C1789D2}.Release|ARM64.Build.0 = Release|Any CPU
		{7E4C1E70-6DEE-4B7F-A893-DF571C1789D2}.Release|x64.ActiveCfg = Release|Any CPU
		{7E4C1E70-6DEE-4B7F-A893-DF571C1789D2}.Release|x64.Build.0 = Release|Any CPU
		{7E4C1E70-6DEE-4B7F-A893-DF571C1789D2}.Release|x86.ActiveCfg = Release|Any CPU
		{7E4C1E70-6DEE-4B7F-A893-DF571C1789D2}.Release|x86.Build.0 = Release|Any CPU
	EndGlobalSection
	GlobalSection(SolutionProperties) = preSolution
		HideSolutionNode = FALSE
	EndGlobalSection
	GlobalSection(ExtensibilityGlobals) = postSolution
		SolutionGuid = {D10A87D6-F86C-41B5-8AAB-BDE60F998BAC}
	EndGlobalSection
EndGlobal
